
Microsoft Visual Studio Solution File, Format Version 12.00
# Visual Studio 15
Project("{FAE04EC0-301F-11D3-BF4B-00C04F79EFBC}") = "AstarPathfindingProject", "AstarPathfindingProject.csproj", "{1A5370F9-97D9-A083-A0DB-22705D86FC45}"
EndProject
Project("{FAE04EC0-301F-11D3-BF4B-00C04F79EFBC}") = "Assembly-CSharp", "Assembly-CSharp.csproj", "{69386A76-0654-143D-E65F-DD79CF852998}"
EndProject
Project("{FAE04EC0-301F-11D3-BF4B-00C04F79EFBC}") = "AstarPathfindingProjectEditor", "AstarPathfindingProjectEditor.csproj", "{9E14E6E2-1C8B-FC03-890B-15DAC6C7E980}"
EndProject
Project("{FAE04EC0-301F-11D3-BF4B-00C04F79EFBC}") = "PackageToolsEditor", "PackageToolsEditor.csproj", "{89D8A70A-D632-11E7-C7F0-04DB1AD47061}"
EndProject
Global
	GlobalSection(SolutionConfigurationPlatforms) = preSolution
		Debug|Any CPU = Debug|Any CPU
		Release|Any CPU = Release|Any CPU
	EndGlobalSection
	GlobalSection(ProjectConfigurationPlatforms) = postSolution
		{1A5370F9-97D9-A083-A0DB-22705D86FC45}.Debug|Any CPU.ActiveCfg = Debug|Any CPU
		{1A5370F9-97D9-A083-A0DB-22705D86FC45}.Debug|Any CPU.Build.0 = Debug|Any CPU
		{1A5370F9-97D9-A083-A0DB-22705D86FC45}.Release|Any CPU.ActiveCfg = Release|Any CPU
		{1A5370F9-97D9-A083-A0DB-22705D86FC45}.Release|Any CPU.Build.0 = Release|Any CPU
		{69386A76-0654-143D-E65F-DD79CF852998}.Debug|Any CPU.ActiveCfg = Debug|Any CPU
		{69386A76-0654-143D-E65F-DD79CF852998}.Debug|Any CPU.Build.0 = Debug|Any CPU
		{69386A76-0654-143D-E65F-DD79CF852998}.Release|Any CPU.ActiveCfg = Release|Any CPU
		{69386A76-0654-143D-E65F-DD79CF852998}.Release|Any CPU.Build.0 = Release|Any CPU
		{9E14E6E2-1C8B-FC03-890B-15DAC6C7E980}.Debug|Any CPU.ActiveCfg = Debug|Any CPU
		{9E14E6E2-1C8B-FC03-890B-15DAC6C7E980}.Debug|Any CPU.Build.0 = Debug|Any CPU
		{9E14E6E2-1C8B-FC03-890B-15DAC6C7E980}.Release|Any CPU.ActiveCfg = Release|Any CPU
		{9E14E6E2-1C8B-FC03-890B-15DAC6C7E980}.Release|Any CPU.Build.0 = Release|Any CPU
		{89D8A70A-D632-11E7-C7F0-04DB1AD47061}.Debug|Any CPU.ActiveCfg = Debug|Any CPU
		{89D8A70A-D632-11E7-C7F0-04DB1AD47061}.Debug|Any CPU.Build.0 = Debug|Any CPU
		{89D8A70A-D632-11E7-C7F0-04DB1AD47061}.Release|Any CPU.ActiveCfg = Release|Any CPU
		{89D8A70A-D632-11E7-C7F0-04DB1AD47061}.Release|Any CPU.Build.0 = Release|Any CPU
	EndGlobalSection
	GlobalSection(SolutionProperties) = preSolution
		HideSolutionNode = FALSE
	EndGlobalSection
EndGlobal
